
Microsoft Visual Studio Solution File, Format Version 12.00
# Visual Studio 15
VisualStudioVersion = 15.0.28307.421
MinimumVisualStudioVersion = 10.0.40219.1
Project("{FAE04EC0-301F-11D3-BF4B-00C04F79EFBC}") = "ManageHDDT", "ManageHDDT\ManageHDDT.csproj", "{2B14D4A9-4AFD-4EA3-88DF-01A2FA8BD062}"
EndProject
Global
	GlobalSection(SolutionConfigurationPlatforms) = preSolution
		Debug|Any CPU = Debug|Any CPU
		Release|Any CPU = Release|Any CPU
	EndGlobalSection
	GlobalSection(ProjectConfigurationPlatforms) = postSolution
		{2B14D4A9-4AFD-4EA3-88DF-01A2FA8BD062}.Debug|Any CPU.ActiveCfg = Debug|Any CPU
		{2B14D4A9-4AFD-4EA3-88DF-01A2FA8BD062}.Debug|Any CPU.Build.0 = Debug|Any CPU
		{2B14D4A9-4AFD-4EA3-88DF-01A2FA8BD062}.Release|Any CPU.ActiveCfg = Release|Any CPU
		{2B14D4A9-4AFD-4EA3-88DF-01A2FA8BD062}.Release|Any CPU.Build.0 = Release|Any CPU
	EndGlobalSection
	GlobalSection(SolutionProperties) = preSolution
		HideSolutionNode = FALSE
	EndGlobalSection
	GlobalSection(ExtensibilityGlobals) = postSolution
		SolutionGuid = {B48E3C6E-E836-4C1D-84F0-86B6CADAD92D}
	EndGlobalSection
EndGlobal
